PODS:
  - Sentry (7.9.0):
    - Sentry/Core (= 7.9.0)
  - Sentry/Core (7.9.0)

DEPENDENCIES:
  - Sentry (from `https://github.com/getsentry/sentry-cocoa.git`, tag `7.9.0`)

EXTERNAL SOURCES:
  Sentry:
    :git: https://github.com/getsentry/sentry-cocoa.git
    :tag: 7.9.0

CHECKOUT OPTIONS:
  Sentry:
    :git: https://github.com/getsentry/sentry-cocoa.git
    :tag: 7.9.0

SPEC CHECKSUMS:
  Sentry: 2f7e91f247cfb05b05bd01e0b5d0692557a7687b

PODFILE CHECKSUM: ceb3cbdae8fa0f2c6ab653ecbec9b9e78f1cf35f

COCOAPODS: 1.11.2
